
Microsoft Visual Studio Solution File, Format Version 12.00
# Visual Studio 15
VisualStudioVersion = 15.0.26730.0
MinimumVisualStudioVersion = 10.0.40219.1
Project("{FAE04EC0-301F-11D3-BF4B-00C04F79EFBC}") = "Spikes.Betting.DataReader", "Spikes.Betting.DataReader\Spikes.Betting.DataReader.csproj", "{1F9FA644-147E-4ED9-A506-9D90085B7958}"
EndProject
Global
	GlobalSection(SolutionConfigurationPlatforms) = preSolution
		Debug|Any CPU = Debug|Any CPU
		Release|Any CPU = Release|Any CPU
	EndGlobalSection
	GlobalSection(ProjectConfigurationPlatforms) = postSolution
		{1F9FA644-147E-4ED9-A506-9D90085B7958}.Debug|Any CPU.ActiveCfg = Debug|Any CPU
		{1F9FA644-147E-4ED9-A506-9D90085B7958}.Debug|Any CPU.Build.0 = Debug|Any CPU
		{1F9FA644-147E-4ED9-A506-9D90085B7958}.Release|Any CPU.ActiveCfg = Release|Any CPU
		{1F9FA644-147E-4ED9-A506-9D90085B7958}.Release|Any CPU.Build.0 = Release|Any CPU
	EndGlobalSection
	GlobalSection(SolutionProperties) = preSolution
		HideSolutionNode = FALSE
	EndGlobalSection
	GlobalSection(ExtensibilityGlobals) = postSolution
		SolutionGuid = {3CD36550-582B-4570-97E0-C24DE53A4B14}
	EndGlobalSection
EndGlobal
